# This file is @generated by PDM.
# It is not intended for manual editing.

[metadata]
groups = ["default"]
strategy = ["inherit_metadata"]
lock_version = "4.5.0"
content_hash = "sha256:551587e25a695429f9b06f2b9430a69a61fdf51582dbfa22edf7abb94c46e9d7"

[[metadata.targets]]
requires_python = "==3.12.*"

[[package]]
name = "colorama"
version = "0.4.6"
requires_python = "!=3.0.*,!=3.1.*,!=3.2.*,!=3.3.*,!=3.4.*,!=3.5.*,!=3.6.*,>=2.7"
summary = "Cross-platform colored terminal text."
groups = ["default"]
marker = "platform_system == \"Windows\""
files = [
    {file = "colorama-0.4.6-py2.py3-none-any.whl", hash = "sha256:4f1d9991f5acc0ca119f9d443620b77f9d6b33703e51011c16baf57afb285fc6"},
    {file = "colorama-0.4.6.tar.gz", hash = "sha256:08695f5cb7ed6e0531a20572697297273c47b8cae5a63ffc6d6ed5c201be6e44"},
]

[[package]]
name = "deskew"
version = "1.5.1"
requires_python = ">=3.9"
summary = "Skew detection and correction in images containing text"
groups = ["default"]
dependencies = [
    "numpy",
    "scikit-image",
]
files = [
    {file = "deskew-1.5.1-py3-none-any.whl", hash = "sha256:4759427758c6a754077eed306c5ef22ebc9644d557748763f968cfd242ead18f"},
    {file = "deskew-1.5.1.tar.gz", hash = "sha256:b27d910da9ec34fa9abf867e3aed19dda87ab12529fc51124d38b7299ffaa387"},
]

[[package]]
name = "imageio"
version = "2.35.1"
requires_python = ">=3.8"
summary = "Library for reading and writing a wide range of image, video, scientific, and volumetric data formats."
groups = ["default"]
dependencies = [
    "numpy",
    "pillow>=8.3.2",
]
files = [
    {file = "imageio-2.35.1-py3-none-any.whl", hash = "sha256:6eb2e5244e7a16b85c10b5c2fe0f7bf961b40fcb9f1a9fd1bd1d2c2f8fb3cd65"},
    {file = "imageio-2.35.1.tar.gz", hash = "sha256:4952dfeef3c3947957f6d5dedb1f4ca31c6e509a476891062396834048aeed2a"},
]

[[package]]
name = "lazy-loader"
version = "0.4"
requires_python = ">=3.7"
summary = "Makes it easy to load subpackages and functions on demand."
groups = ["default"]
dependencies = [
    "importlib-metadata; python_version < \"3.8\"",
    "packaging",
]
files = [
    {file = "lazy_loader-0.4-py3-none-any.whl", hash = "sha256:342aa8e14d543a154047afb4ba8ef17f5563baad3fc610d7b15b213b0f119efc"},
    {file = "lazy_loader-0.4.tar.gz", hash = "sha256:47c75182589b91a4e1a85a136c074285a5ad4d9f39c63e0d7fb76391c4574cd1"},
]

[[package]]
name = "networkx"
version = "3.4.1"
requires_python = ">=3.10"
summary = "Python package for creating and manipulating graphs and networks"
groups = ["default"]
files = [
    {file = "networkx-3.4.1-py3-none-any.whl", hash = "sha256:e30a87b48c9a6a7cc220e732bffefaee585bdb166d13377734446ce1a0620eed"},
    {file = "networkx-3.4.1.tar.gz", hash = "sha256:f9df45e85b78f5bd010993e897b4f1fdb242c11e015b101bd951e5c0e29982d8"},
]

[[package]]
name = "numpy"
version = "2.1.2"
requires_python = ">=3.10"
summary = "Fundamental package for array computing in Python"
groups = ["default"]
files = [
    {file = "numpy-2.1.2-cp312-cp312-macosx_10_13_x86_64.whl", hash = "sha256:d7bf0a4f9f15b32b5ba53147369e94296f5fffb783db5aacc1be15b4bf72f43b"},
    {file = "numpy-2.1.2-cp312-cp312-macosx_11_0_arm64.whl", hash = "sha256:b1d0fcae4f0949f215d4632be684a539859b295e2d0cb14f78ec231915d644db"},
    {file = "numpy-2.1.2-cp312-cp312-macosx_14_0_arm64.whl", hash = "sha256:f751ed0a2f250541e19dfca9f1eafa31a392c71c832b6bb9e113b10d050cb0f1"},
    {file = "numpy-2.1.2-cp312-cp312-macosx_14_0_x86_64.whl", hash = "sha256:bd33f82e95ba7ad632bc57837ee99dba3d7e006536200c4e9124089e1bf42426"},
    {file = "numpy-2.1.2-cp312-cp312-manylinux_2_17_aarch64.manylinux2014_aarch64.whl", hash = "sha256:1b8cde4f11f0a975d1fd59373b32e2f5a562ade7cde4f85b7137f3de8fbb29a0"},
    {file = "numpy-2.1.2-cp312-cp312-manylinux_2_17_x86_64.manylinux2014_x86_64.whl", hash = "sha256:6d95f286b8244b3649b477ac066c6906fbb2905f8ac19b170e2175d3d799f4df"},
    {file = "numpy-2.1.2-cp312-cp312-musllinux_1_1_x86_64.whl", hash = "sha256:ab4754d432e3ac42d33a269c8567413bdb541689b02d93788af4131018cbf366"},
    {file = "numpy-2.1.2-cp312-cp312-musllinux_1_2_aarch64.whl", hash = "sha256:e585c8ae871fd38ac50598f4763d73ec5497b0de9a0ab4ef5b69f01c6a046142"},
    {file = "numpy-2.1.2-cp312-cp312-win32.whl", hash = "sha256:9c6c754df29ce6a89ed23afb25550d1c2d5fdb9901d9c67a16e0b16eaf7e2550"},
    {file = "numpy-2.1.2-cp312-cp312-win_amd64.whl", hash = "sha256:456e3b11cb79ac9946c822a56346ec80275eaf2950314b249b512896c0d2505e"},
    {file = "numpy-2.1.2.tar.gz", hash = "sha256:13532a088217fa624c99b843eeb54640de23b3414b14aa66d023805eb731066c"},
]

[[package]]
name = "opencv-python"
version = "4.10.0.84"
requires_python = ">=3.6"
summary = "Wrapper package for OpenCV python bindings."
groups = ["default"]
dependencies = [
    "numpy>=1.13.3; python_version < \"3.7\"",
    "numpy>=1.17.0; python_version >= \"3.7\"",
    "numpy>=1.17.3; python_version >= \"3.8\"",
    "numpy>=1.19.3; python_version >= \"3.6\" and platform_system == \"Linux\" and platform_machine == \"aarch64\"",
    "numpy>=1.19.3; python_version >= \"3.9\"",
    "numpy>=1.21.0; python_version <= \"3.9\" and platform_system == \"Darwin\" and platform_machine == \"arm64\"",
    "numpy>=1.21.2; python_version >= \"3.10\"",
    "numpy>=1.21.4; python_version >= \"3.10\" and platform_system == \"Darwin\"",
    "numpy>=1.23.5; python_version >= \"3.11\"",
    "numpy>=1.26.0; python_version >= \"3.12\"",
]
files = [
    {file = "opencv-python-4.10.0.84.tar.gz", hash = "sha256:72d234e4582e9658ffea8e9cae5b63d488ad06994ef12d81dc303b17472f3526"},
    {file = "opencv_python-4.10.0.84-cp37-abi3-macosx_11_0_arm64.whl", hash = "sha256:fc182f8f4cda51b45f01c64e4cbedfc2f00aff799debebc305d8d0210c43f251"},
    {file = "opencv_python-4.10.0.84-cp37-abi3-macosx_12_0_x86_64.whl", hash = "sha256:71e575744f1d23f79741450254660442785f45a0797212852ee5199ef12eed98"},
    {file = "opencv_python-4.10.0.84-cp37-abi3-manylinux_2_17_aarch64.manylinux2014_aarch64.whl", hash = "sha256:09a332b50488e2dda866a6c5573ee192fe3583239fb26ff2f7f9ceb0bc119ea6"},
    {file = "opencv_python-4.10.0.84-cp37-abi3-manylinux_2_17_x86_64.manylinux2014_x86_64.whl", hash = "sha256:9ace140fc6d647fbe1c692bcb2abce768973491222c067c131d80957c595b71f"},
    {file = "opencv_python-4.10.0.84-cp37-abi3-win32.whl", hash = "sha256:2db02bb7e50b703f0a2d50c50ced72e95c574e1e5a0bb35a8a86d0b35c98c236"},
    {file = "opencv_python-4.10.0.84-cp37-abi3-win_amd64.whl", hash = "sha256:32dbbd94c26f611dc5cc6979e6b7aa1f55a64d6b463cc1dcd3c95505a63e48fe"},
]

[[package]]
name = "packaging"
version = "24.1"
requires_python = ">=3.8"
summary = "Core utilities for Python packages"
groups = ["default"]
files = [
    {file = "packaging-24.1-py3-none-any.whl", hash = "sha256:5b8f2217dbdbd2f7f384c41c628544e6d52f2d0f53c6d0c3ea61aa5d1d7ff124"},
    {file = "packaging-24.1.tar.gz", hash = "sha256:026ed72c8ed3fcce5bf8950572258698927fd1dbda10a5e981cdf0ac37f4f002"},
]

[[package]]
name = "pillow"
version = "10.4.0"
requires_python = ">=3.8"
summary = "Python Imaging Library (Fork)"
groups = ["default"]
files = [
    {file = "pillow-10.4.0-cp312-cp312-macosx_10_10_x86_64.whl", hash = "sha256:673655af3eadf4df6b5457033f086e90299fdd7a47983a13827acf7459c15d94"},
    {file = "pillow-10.4.0-cp312-cp312-macosx_11_0_arm64.whl", hash = "sha256:866b6942a92f56300012f5fbac71f2d610312ee65e22f1aa2609e491284e5597"},
    {file = "pillow-10.4.0-cp312-cp312-manylinux_2_17_aarch64.manylinux2014_aarch64.whl", hash = "sha256:29dbdc4207642ea6aad70fbde1a9338753d33fb23ed6956e706936706f52dd80"},
    {file = "pillow-10.4.0-cp312-cp312-manylinux_2_17_x86_64.manylinux2014_x86_64.whl", hash = "sha256:bf2342ac639c4cf38799a44950bbc2dfcb685f052b9e262f446482afaf4bffca"},
    {file = "pillow-10.4.0-cp312-cp312-manylinux_2_28_aarch64.whl", hash = "sha256:f5b92f4d70791b4a67157321c4e8225d60b119c5cc9aee8ecf153aace4aad4ef"},
    {file = "pillow-10.4.0-cp312-cp312-manylinux_2_28_x86_64.whl", hash = "sha256:86dcb5a1eb778d8b25659d5e4341269e8590ad6b4e8b44d9f4b07f8d136c414a"},
    {file = "pillow-10.4.0-cp312-cp312-musllinux_1_2_aarch64.whl", hash = "sha256:780c072c2e11c9b2c7ca37f9a2ee8ba66f44367ac3e5c7832afcfe5104fd6d1b"},
    {file = "pillow-10.4.0-cp312-cp312-musllinux_1_2_x86_64.whl", hash = "sha256:37fb69d905be665f68f28a8bba3c6d3223c8efe1edf14cc4cfa06c241f8c81d9"},
    {file = "pillow-10.4.0-cp312-cp312-win32.whl", hash = "sha256:7dfecdbad5c301d7b5bde160150b4db4c659cee2b69589705b6f8a0c509d9f42"},
    {file = "pillow-10.4.0-cp312-cp312-win_amd64.whl", hash = "sha256:1d846aea995ad352d4bdcc847535bd56e0fd88d36829d2c90be880ef1ee4668a"},
    {file = "pillow-10.4.0-cp312-cp312-win_arm64.whl", hash = "sha256:e553cad5179a66ba15bb18b353a19020e73a7921296a7979c4a2b7f6a5cd57f9"},
    {file = "pillow-10.4.0.tar.gz", hash = "sha256:166c1cd4d24309b30d61f79f4a9114b7b2313d7450912277855ff5dfd7cd4a06"},
]

[[package]]
name = "pymupdf"
version = "1.24.11"
requires_python = ">=3.8"
summary = "A high performance Python library for data extraction, analysis, conversion & manipulation of PDF (and other) documents."
groups = ["default"]
files = [
    {file = "PyMuPDF-1.24.11-cp38-abi3-macosx_10_9_x86_64.whl", hash = "sha256:24c35ba9e731027ff24566b90d4986e9aac75e1ce47589b25de51e3c687ddb73"},
    {file = "PyMuPDF-1.24.11-cp38-abi3-macosx_11_0_arm64.whl", hash = "sha256:20c8eb65b855a33411246d6697a3f3166727fe2d8585753cf0db648730104be6"},
    {file = "PyMuPDF-1.24.11-cp38-abi3-manylinux2014_aarch64.manylinux_2_17_aarch64.whl", hash = "sha256:32fd013e3c844f105c0a6a43ee82acc7cd0c900f6ff14f5eed9492840bbcbdd9"},
    {file = "PyMuPDF-1.24.11-cp38-abi3-manylinux2014_x86_64.manylinux_2_17_x86_64.whl", hash = "sha256:2efb793644df99db0fe2468149048175cf25c5803997828efc9152aca838f5f2"},
    {file = "PyMuPDF-1.24.11-cp38-abi3-musllinux_1_2_x86_64.whl", hash = "sha256:9b7ac5b8ec3daec17f2e830962ed091610e576a5e531d2fe28c437fbd69b1969"},
    {file = "PyMuPDF-1.24.11-cp38-abi3-win32.whl", hash = "sha256:6fda6c7ed7e6ad74d9cfac5c3837ef42efd58c506440e2513a0a200bc3c4dbc0"},
    {file = "PyMuPDF-1.24.11-cp38-abi3-win_amd64.whl", hash = "sha256:745ce77532702d6ddeeecb47306d3669629aa5ff82708318cd652881f493b0ba"},
    {file = "PyMuPDF-1.24.11.tar.gz", hash = "sha256:6e45e57f14ac902029d4aacf07684958d0e58c769f47d9045b2048d0a3d20155"},
]

[[package]]
name = "scikit-image"
version = "0.24.0"
requires_python = ">=3.9"
summary = "Image processing in Python"
groups = ["default"]
dependencies = [
    "imageio>=2.33",
    "lazy-loader>=0.4",
    "networkx>=2.8",
    "numpy>=1.23",
    "packaging>=21",
    "pillow>=9.1",
    "scipy>=1.9",
    "tifffile>=2022.8.12",
]
files = [
    {file = "scikit_image-0.24.0-cp312-cp312-macosx_10_9_x86_64.whl", hash = "sha256:6fccceb54c9574590abcddc8caf6cefa57c13b5b8b4260ab3ff88ad8f3c252b3"},
    {file = "scikit_image-0.24.0-cp312-cp312-macosx_12_0_arm64.whl", hash = "sha256:ccc01e4760d655aab7601c1ba7aa4ddd8b46f494ac46ec9c268df6f33ccddf4c"},
    {file = "scikit_image-0.24.0-cp312-cp312-manylinux_2_17_aarch64.manylinux2014_aarch64.whl", hash = "sha256:18836a18d3a7b6aca5376a2d805f0045826bc6c9fc85331659c33b4813e0b563"},
    {file = "scikit_image-0.24.0-cp312-cp312-manylinux_2_17_x86_64.manylinux2014_x86_64.whl", hash = "sha256:8579bda9c3f78cb3b3ed8b9425213c53a25fa7e994b7ac01f2440b395babf660"},
    {file = "scikit_image-0.24.0-cp312-cp312-win_amd64.whl", hash = "sha256:82ab903afa60b2da1da2e6f0c8c65e7c8868c60a869464c41971da929b3e82bc"},
    {file = "scikit_image-0.24.0.tar.gz", hash = "sha256:5d16efe95da8edbeb363e0c4157b99becbd650a60b77f6e3af5768b66cf007ab"},
]

[[package]]
name = "scipy"
version = "1.14.1"
requires_python = ">=3.10"
summary = "Fundamental algorithms for scientific computing in Python"
groups = ["default"]
dependencies = [
    "numpy<2.3,>=1.23.5",
]
files = [
    {file = "scipy-1.14.1-cp312-cp312-macosx_10_13_x86_64.whl", hash = "sha256:631f07b3734d34aced009aaf6fedfd0eb3498a97e581c3b1e5f14a04164a456d"},
    {file = "scipy-1.14.1-cp312-cp312-macosx_12_0_arm64.whl", hash = "sha256:af29a935803cc707ab2ed7791c44288a682f9c8107bc00f0eccc4f92c08d6e07"},
    {file = "scipy-1.14.1-cp312-cp312-macosx_14_0_arm64.whl", hash = "sha256:2843f2d527d9eebec9a43e6b406fb7266f3af25a751aa91d62ff416f54170bc5"},
    {file = "scipy-1.14.1-cp312-cp312-macosx_14_0_x86_64.whl", hash = "sha256:eb58ca0abd96911932f688528977858681a59d61a7ce908ffd355957f7025cfc"},
    {file = "scipy-1.14.1-cp312-cp312-manylinux_2_17_aarch64.manylinux2014_aarch64.whl", hash = "sha256:30ac8812c1d2aab7131a79ba62933a2a76f582d5dbbc695192453dae67ad6310"},
    {file = "scipy-1.14.1-cp312-cp312-manylinux_2_17_x86_64.manylinux2014_x86_64.whl", hash = "sha256:8f9ea80f2e65bdaa0b7627fb00cbeb2daf163caa015e59b7516395fe3bd1e066"},
    {file = "scipy-1.14.1-cp312-cp312-musllinux_1_2_x86_64.whl", hash = "sha256:edaf02b82cd7639db00dbff629995ef185c8df4c3ffa71a5562a595765a06ce1"},
    {file = "scipy-1.14.1-cp312-cp312-win_amd64.whl", hash = "sha256:2ff38e22128e6c03ff73b6bb0f85f897d2362f8c052e3b8ad00532198fbdae3f"},
    {file = "scipy-1.14.1.tar.gz", hash = "sha256:5a275584e726026a5699459aa72f828a610821006228e841b94275c4a7c08417"},
]

[[package]]
name = "tifffile"
version = "2024.9.20"
requires_python = ">=3.10"
summary = "Read and write TIFF files"
groups = ["default"]
dependencies = [
    "numpy",
]
files = [
    {file = "tifffile-2024.9.20-py3-none-any.whl", hash = "sha256:c54dc85bc1065d972cb8a6ffb3181389d597876aa80177933459733e4ed243dd"},
    {file = "tifffile-2024.9.20.tar.gz", hash = "sha256:3fbf3be2f995a7051a8ae05a4be70c96fc0789f22ed6f1c4104c973cf68a640b"},
]

[[package]]
name = "tqdm"
version = "4.66.5"
requires_python = ">=3.7"
summary = "Fast, Extensible Progress Meter"
groups = ["default"]
dependencies = [
    "colorama; platform_system == \"Windows\"",
]
files = [
    {file = "tqdm-4.66.5-py3-none-any.whl", hash = "sha256:90279a3770753eafc9194a0364852159802111925aa30eb3f9d85b0e805ac7cd"},
    {file = "tqdm-4.66.5.tar.gz", hash = "sha256:e1020aef2e5096702d8a025ac7d16b1577279c9d63f8375b63083e9a5f0fcbad"},
]
